{
  "name": "ambulera",
  "version": "0.0.1",
  "lockfileVersion": 2,
  "requires": true,
  "packages": {
    "": {
      "name": "ambulera",
      "version": "0.0.1",
      "license": "Apache-2.0",
      "funding": {
        "type": "patreon",
        "url": "https://www.patreon.com/padcom"
      }
    }
  }
}
